
Microsoft Visual Studio Solution File, Format Version 12.00
# Visual Studio Version 17
VisualStudioVersion = 17.9.34728.123
MinimumVisualStudioVersion = 10.0.40219.1
Project("{FAE04EC0-301F-11D3-BF4B-00C04F79EFBC}") = "MongoDB_API", "MongoDB_API\MongoDB_API.csproj", "{FE289A72-85D8-4B06-860F-5B9455954C7B}"
EndProject
Global
	GlobalSection(SolutionConfigurationPlatforms) = preSolution
		Debug|Any CPU = Debug|Any CPU
		Release|Any CPU = Release|Any CPU
	EndGlobalSection
	GlobalSection(ProjectConfigurationPlatforms) = postSolution
		{FE289A72-85D8-4B06-860F-5B9455954C7B}.Debug|Any CPU.ActiveCfg = Debug|Any CPU
		{FE289A72-85D8-4B06-860F-5B9455954C7B}.Debug|Any CPU.Build.0 = Debug|Any CPU
		{FE289A72-85D8-4B06-860F-5B9455954C7B}.Release|Any CPU.ActiveCfg = Release|Any CPU
		{FE289A72-85D8-4B06-860F-5B9455954C7B}.Release|Any CPU.Build.0 = Release|Any CPU
	EndGlobalSection
	GlobalSection(SolutionProperties) = preSolution
		HideSolutionNode = FALSE
	EndGlobalSection
	GlobalSection(ExtensibilityGlobals) = postSolution
		SolutionGuid = {47A72482-7BAE-4A31-9109-48C9747284AC}
	EndGlobalSection
EndGlobal
